
Microsoft Visual Studio Solution File, Format Version 12.00
# Visual Studio Version 16
VisualStudioVersion = 16.0.30517.126
MinimumVisualStudioVersion = 10.0.40219.1
Project("{9A19103F-16F7-4668-BE54-9A1E7A4F7556}") = "LibraryManagementAPI.WebApi", "LibraryManagementAPI\LibraryManagementAPI.WebApi.csproj", "{49285258-0C42-4BFF-9BFF-3D65F639ED47}"
	ProjectSection(ProjectDependencies) = postProject
		{5D7B0670-283D-4014-A037-CB3848DC6C95} = {5D7B0670-283D-4014-A037-CB3848DC6C95}
		{74DCB3B0-4A3F-445A-AF4B-1709F3BF61D0} = {74DCB3B0-4A3F-445A-AF4B-1709F3BF61D0}
	EndProjectSection
EndProject
Project("{9A19103F-16F7-4668-BE54-9A1E7A4F7556}") = "LibraryManagementAPI.Data", "LibraryManagementAPI.Data\LibraryManagementAPI.Data.csproj", "{5D7B0670-283D-4014-A037-CB3848DC6C95}"
EndProject
Project("{9A19103F-16F7-4668-BE54-9A1E7A4F7556}") = "LibraryManagementAPI.Core", "LibraryManagementAPI.Core\LibraryManagementAPI.Core.csproj", "{74DCB3B0-4A3F-445A-AF4B-1709F3BF61D0}"
EndProject
Global
	GlobalSection(SolutionConfigurationPlatforms) = preSolution
		Debug|Any CPU = Debug|Any CPU
		Release|Any CPU = Release|Any CPU
	EndGlobalSection
	GlobalSection(ProjectConfigurationPlatforms) = postSolution
		{49285258-0C42-4BFF-9BFF-3D65F639ED47}.Debug|Any CPU.ActiveCfg = Debug|Any CPU
		{49285258-0C42-4BFF-9BFF-3D65F639ED47}.Debug|Any CPU.Build.0 = Debug|Any CPU
		{49285258-0C42-4BFF-9BFF-3D65F639ED47}.Release|Any CPU.ActiveCfg = Release|Any CPU
		{49285258-0C42-4BFF-9BFF-3D65F639ED47}.Release|Any CPU.Build.0 = Release|Any CPU
		{5D7B0670-283D-4014-A037-CB3848DC6C95}.Debug|Any CPU.ActiveCfg = Debug|Any CPU
		{5D7B0670-283D-4014-A037-CB3848DC6C95}.Debug|Any CPU.Build.0 = Debug|Any CPU
		{5D7B0670-283D-4014-A037-CB3848DC6C95}.Release|Any CPU.ActiveCfg = Release|Any CPU
		{5D7B0670-283D-4014-A037-CB3848DC6C95}.Release|Any CPU.Build.0 = Release|Any CPU
		{74DCB3B0-4A3F-445A-AF4B-1709F3BF61D0}.Debug|Any CPU.ActiveCfg = Debug|Any CPU
		{74DCB3B0-4A3F-445A-AF4B-1709F3BF61D0}.Debug|Any CPU.Build.0 = Debug|Any CPU
		{74DCB3B0-4A3F-445A-AF4B-1709F3BF61D0}.Release|Any CPU.ActiveCfg = Release|Any CPU
		{74DCB3B0-4A3F-445A-AF4B-1709F3BF61D0}.Release|Any CPU.Build.0 = Release|Any CPU
	EndGlobalSection
	GlobalSection(SolutionProperties) = preSolution
		HideSolutionNode = FALSE
	EndGlobalSection
	GlobalSection(ExtensibilityGlobals) = postSolution
		SolutionGuid = {B1DB9927-CEE7-49D1-8535-778D8175F283}
	EndGlobalSection
EndGlobal
